<?xml version="1.0" encoding="utf-8"?>
<Project ToolsVersion="4.0" xmlns="http://schemas.microsoft.com/developer/msbuild/2003">
  <ItemGroup>
    <Filter Include="Source Files">
      <UniqueIdentifier>{4FC737F1-C7A5-4376-A066-2A32D752A2FF}</UniqueIdentifier>
      <Extensions>cpp;c;cc;cxx;c++;cppm;ixx;def;odl;idl;hpj;bat;asm;asmx</Extensions>
    </Filter>
    <Filter Include="Header Files">
      <UniqueIdentifier>{93995380-89BD-4b04-88EB-625FBE52EBFB}</UniqueIdentifier>
      <Extensions>h;hh;hpp;hxx;h++;hm;inl;inc;ipp;xsd</Extensions>
    </Filter>
    <Filter Include="Resource Files">
      <UniqueIdentifier>{67DA6AB6-F800-4c08-8B7A-83BB121AAD01}</UniqueIdentifier>
      <Extensions>rc;ico;cur;bmp;dlg;rc2;rct;bin;rgs;gif;jpg;jpeg;jpe;resx;tiff;tif;png;wav;mfcribbon-ms</Extensions>
    </Filter>
  </ItemGroup>
  <ItemGroup>
    <ClCompile Include="..\LearningCPP\source\5.2.1 unique_ptr and shared_ptr.cpp">
      <Filter>Source Files</Filter>
    </ClCompile>
    <ClCompile Include="..\LearningCPP\source\5.3.1 Tasks and threads.cpp">
      <Filter>Source Files</Filter>
    </ClCompile>
    <ClCompile Include="..\LearningCPP\source\5.3.2 Passing Arguments.cpp">
      <Filter>Source Files</Filter>
    </ClCompile>
    <ClCompile Include="..\LearningCPP\source\5.3.3 Returning Results.cpp">
      <Filter>Source Files</Filter>
    </ClCompile>
    <ClCompile Include="..\LearningCPP\source\5.3.4 Sharing Data.cpp">
      <Filter>Source Files</Filter>
    </ClCompile>
    <ClCompile Include="..\LearningCPP\source\5.3.4.1 Waiting for Events.cpp">
      <Filter>Source Files</Filter>
    </ClCompile>
    <ClCompile Include="..\LearningCPP\source\5.3.5.1 future and promise.cpp">
      <Filter>Source Files</Filter>
    </ClCompile>
    <ClCompile Include="..\LearningCPP\source\5.3.5.2 packaged_task.cpp">
      <Filter>Source Files</Filter>
    </ClCompile>
    <ClCompile Include="..\LearningCPP\source\5.3.5.3 async().cpp">
      <Filter>Source Files</Filter>
    </ClCompile>
    <ClCompile Include="..\LearningCPP\source\5.4.1 Time.cpp">
      <Filter>Source Files</Filter>
    </ClCompile>
    <ClCompile Include="..\LearningCPP\source\5.4.2.1 iterator_traits.cpp">
      <Filter>Source Files</Filter>
    </ClCompile>
    <ClCompile Include="..\LearningCPP\source\5.4.2.2 Type Predicates.cpp">
      <Filter>Source Files</Filter>
    </ClCompile>
    <ClCompile Include="..\LearningCPP\source\5.4.3 pair and tuple.cpp">
      <Filter>Source Files</Filter>
    </ClCompile>
    <ClCompile Include="..\LearningCPP\source\5.5 Regular Expressions.cpp">
      <Filter>Source Files</Filter>
    </ClCompile>
    <ClCompile Include="..\LearningCPP\source\5.6.2 Complex Numbers.cpp">
      <Filter>Source Files</Filter>
    </ClCompile>
    <ClCompile Include="..\LearningCPP\source\5.6.3 Random Numbers.cpp">
      <Filter>Source Files</Filter>
    </ClCompile>
    <ClCompile Include="..\LearningCPP\source\5.6.4 Vector Arithmetic.cpp">
      <Filter>Source Files</Filter>
    </ClCompile>
    <ClCompile Include="..\LearningCPP\source\5.7 std library Advice.cpp">
      <Filter>Source Files</Filter>
    </ClCompile>
  </ItemGroup>
</Project>